// !$*UTF8*$!
{
	archiveVersion = 1;
	classes = {
	};
	objectVersion = 46;
	objects = {

/* Begin PBXBuildFile section */
		A40E178F1E4EA77800CC4BD6 /* YGEssenceWebController.m in Sources */ = {isa = PBXBuildFile; fileRef = A40E178E1E4EA77800CC4BD6 /* YGEssenceWebController.m */; };
		A40FD8301E53232F001BA42C /* YGListDetailMovieController.m in Sources */ = {isa = PBXBuildFile; fileRef = A40FD82F1E53232F001BA42C /* YGListDetailMovieController.m */; };
		A4109E1B1E520A780075208C /* YGListItem.m in Sources */ = {isa = PBXBuildFile; fileRef = A4109E1A1E520A780075208C /* YGListItem.m */; };
		A4109E1E1E520A9A0075208C /* YGDetailListItem.m in Sources */ = {isa = PBXBuildFile; fileRef = A4109E1D1E520A9A0075208C /* YGDetailListItem.m */; };
		A4109E251E520B460075208C /* YGListDetailController.m in Sources */ = {isa = PBXBuildFile; fileRef = A4109E241E520B460075208C /* YGListDetailController.m */; };
		A4109E281E520B660075208C /* YGListFlowLayout.m in Sources */ = {isa = PBXBuildFile; fileRef = A4109E271E520B660075208C /* YGListFlowLayout.m */; };
		A4109E2B1E520B8C0075208C /* YGListDetailCell.m in Sources */ = {isa = PBXBuildFile; fileRef = A4109E2A1E520B8C0075208C /* YGListDetailCell.m */; };
		A4109E311E520C5F0075208C /* YGListCell.m in Sources */ = {isa = PBXBuildFile; fileRef = A4109E301E520C5F0075208C /* YGListCell.m */; };
		A418B2301E4A1A6B0056F14B /* NSObject+Parse.m in Sources */ = {isa = PBXBuildFile; fileRef = A418B22F1E4A1A6B0056F14B /* NSObject+Parse.m */; };
		A418B2331E4A1B330056F14B /* UIView+HUD.m in Sources */ = {isa = PBXBuildFile; fileRef = A418B2321E4A1B330056F14B /* UIView+HUD.m */; };
		A418B2361E4A1CFE0056F14B /* UIScrollView+Refresh.m in Sources */ = {isa = PBXBuildFile; fileRef = A418B2351E4A1CFE0056F14B /* UIScrollView+Refresh.m */; };
		A418B2391E4A1EB80056F14B /* NSString+YG.m in Sources */ = {isa = PBXBuildFile; fileRef = A418B2381E4A1EB80056F14B /* NSString+YG.m */; };
		A418B23C1E4A22410056F14B /* BaseNetManager.m in Sources */ = {isa = PBXBuildFile; fileRef = A418B23B1E4A22410056F14B /* BaseNetManager.m */; };
		A418B23F1E4A23F50056F14B /* NetManager.m in Sources */ = {isa = PBXBuildFile; fileRef = A418B23E1E4A23F50056F14B /* NetManager.m */; };
		A418B2421E4A27E30056F14B /* YGTabBarController.m in Sources */ = {isa = PBXBuildFile; fileRef = A418B2411E4A27E30056F14B /* YGTabBarController.m */; };
		A418B24E1E4A289A0056F14B /* YGEssenceController.m in Sources */ = {isa = PBXBuildFile; fileRef = A418B24D1E4A289A0056F14B /* YGEssenceController.m */; };
		A418B2511E4A28AE0056F14B /* YGHomeController.m in Sources */ = {isa = PBXBuildFile; fileRef = A418B2501E4A28AE0056F14B /* YGHomeController.m */; };
		A418B2541E4A28C30056F14B /* YGListController.m in Sources */ = {isa = PBXBuildFile; fileRef = A418B2531E4A28C30056F14B /* YGListController.m */; };
		A41B089F1E4E11D200B0A2EE /* YGEssenceItem.m in Sources */ = {isa = PBXBuildFile; fileRef = A41B089E1E4E11D200B0A2EE /* YGEssenceItem.m */; };
		A41B08A21E4E1AAC00B0A2EE /* YGEssenceCommomCell.m in Sources */ = {isa = PBXBuildFile; fileRef = A41B08A11E4E1AAC00B0A2EE /* YGEssenceCommomCell.m */; };
		A41B08A51E4E1F7F00B0A2EE /* YGEssenceImageCell.m in Sources */ = {isa = PBXBuildFile; fileRef = A41B08A41E4E1F7F00B0A2EE /* YGEssenceImageCell.m */; };
		A41B08A81E4E20C500B0A2EE /* YGEssenceBigCell.m in Sources */ = {isa = PBXBuildFile; fileRef = A41B08A71E4E20C500B0A2EE /* YGEssenceBigCell.m */; };
		A46E4FA71E49E72E000756D9 /* main.m in Sources */ = {isa = PBXBuildFile; fileRef = A46E4FA61E49E72E000756D9 /* main.m */; };
		A46E4FAA1E49E72E000756D9 /* AppDelegate.m in Sources */ = {isa = PBXBuildFile; fileRef = A46E4FA91E49E72E000756D9 /* AppDelegate.m */; };
		A46E4FB01E49E72E000756D9 /* Main.storyboard in Resources */ = {isa = PBXBuildFile; fileRef = A46E4FAE1E49E72E000756D9 /* Main.storyboard */; };
		A46E4FB21E49E72E000756D9 /* Assets.xcassets in Resources */ = {isa = PBXBuildFile; fileRef = A46E4FB11E49E72E000756D9 /* Assets.xcassets */; };
		A46E4FB51E49E72E000756D9 /* LaunchScreen.storyboard in Resources */ = {isa = PBXBuildFile; fileRef = A46E4FB31E49E72E000756D9 /* LaunchScreen.storyboard */; };
		EB9D20D09D14BD36668062D1 /* libPods-WangYe.a in Frameworks */ = {isa = PBXBuildFile; fileRef = 835192F6E01FEDDEA8DF76F8 /* libPods-WangYe.a */; };
/* End PBXBuildFile section */

/* Begin PBXFileReference section */
		835192F6E01FEDDEA8DF76F8 /* libPods-WangYe.a */ = {isa = PBXFileReference; explicitFileType = archive.ar; includeInIndex = 0; path = "libPods-WangYe.a"; sourceTree = BUILT_PRODUCTS_DIR; };
		A40E178D1E4EA77800CC4BD6 /* YGEssenceWebController.h */ = {isa = PBXFileReference; fileEncoding = 4; lastKnownFileType = sourcecode.c.h; path = YGEssenceWebController.h; sourceTree = "<group>"; };
		A40E178E1E4EA77800CC4BD6 /* YGEssenceWebController.m */ = {isa = PBXFileReference; fileEncoding = 4; lastKnownFileType = sourcecode.c.objc; path = YGEssenceWebController.m; sourceTree = "<group>"; };
		A40FD82E1E53232F001BA42C /* YGListDetailMovieController.h */ = {isa = PBXFileReference; fileEncoding = 4; lastKnownFileType = sourcecode.c.h; path = YGListDetailMovieController.h; sourceTree = "<group>"; };
		A40FD82F1E53232F001BA42C /* YGListDetailMovieController.m */ = {isa = PBXFileReference; fileEncoding = 4; lastKnownFileType = sourcecode.c.objc; path = YGListDetailMovieController.m; sourceTree = "<group>"; };
		A4109E191E520A780075208C /* YGListItem.h */ = {isa = PBXFileReference; fileEncoding = 4; lastKnownFileType = sourcecode.c.h; path = YGListItem.h; sourceTree = "<group>"; };
		A4109E1A1E520A780075208C /* YGListItem.m */ = {isa = PBXFileReference; fileEncoding = 4; lastKnownFileType = sourcecode.c.objc; path = YGListItem.m; sourceTree = "<group>"; };
		A4109E1C1E520A9A0075208C /* YGDetailListItem.h */ = {isa = PBXFileReference; fileEncoding = 4; lastKnownFileType = sourcecode.c.h; name = YGDetailListItem.h; path = ../../../Model/YGDetailListItem.h; sourceTree = "<group>"; };
		A4109E1D1E520A9A0075208C /* YGDetailListItem.m */ = {isa = PBXFileReference; fileEncoding = 4; lastKnownFileType = sourcecode.c.objc; name = YGDetailListItem.m; path = ../../../Model/YGDetailListItem.m; sourceTree = "<group>"; };
		A4109E231E520B460075208C /* YGListDetailController.h */ = {isa = PBXFileReference; fileEncoding = 4; lastKnownFileType = sourcecode.c.h; path = YGListDetailController.h; sourceTree = "<group>"; };
		A4109E241E520B460075208C /* YGListDetailController.m */ = {isa = PBXFileReference; fileEncoding = 4; lastKnownFileType = sourcecode.c.objc; path = YGListDetailController.m; sourceTree = "<group>"; };
		A4109E261E520B660075208C /* YGListFlowLayout.h */ = {isa = PBXFileReference; fileEncoding = 4; lastKnownFileType = sourcecode.c.h; name = YGListFlowLayout.h; path = ../Controller/DetailList/View/YGListFlowLayout.h; sourceTree = "<group>"; };
		A4109E271E520B660075208C /* YGListFlowLayout.m */ = {isa = PBXFileReference; fileEncoding = 4; lastKnownFileType = sourcecode.c.objc; name = YGListFlowLayout.m; path = ../Controller/DetailList/View/YGListFlowLayout.m; sourceTree = "<group>"; };
		A4109E291E520B8C0075208C /* YGListDetailCell.h */ = {isa = PBXFileReference; fileEncoding = 4; lastKnownFileType = sourcecode.c.h; path = YGListDetailCell.h; sourceTree = "<group>"; };
		A4109E2A1E520B8C0075208C /* YGListDetailCell.m */ = {isa = PBXFileReference; fileEncoding = 4; lastKnownFileType = sourcecode.c.objc; path = YGListDetailCell.m; sourceTree = "<group>"; };
		A4109E2F1E520C5F0075208C /* YGListCell.h */ = {isa = PBXFileReference; fileEncoding = 4; lastKnownFileType = sourcecode.c.h; path = YGListCell.h; sourceTree = "<group>"; };
		A4109E301E520C5F0075208C /* YGListCell.m */ = {isa = PBXFileReference; fileEncoding = 4; lastKnownFileType = sourcecode.c.objc; path = YGListCell.m; sourceTree = "<group>"; };
		A418B22E1E4A1A6B0056F14B /* NSObject+Parse.h */ = {isa = PBXFileReference; fileEncoding = 4; lastKnownFileType = sourcecode.c.h; path = "NSObject+Parse.h"; sourceTree = "<group>"; };
		A418B22F1E4A1A6B0056F14B /* NSObject+Parse.m */ = {isa = PBXFileReference; fileEncoding = 4; lastKnownFileType = sourcecode.c.objc; path = "NSObject+Parse.m"; sourceTree = "<group>"; };
		A418B2311E4A1B330056F14B /* UIView+HUD.h */ = {isa = PBXFileReference; fileEncoding = 4; lastKnownFileType = sourcecode.c.h; path = "UIView+HUD.h"; sourceTree = "<group>"; };
		A418B2321E4A1B330056F14B /* UIView+HUD.m */ = {isa = PBXFileReference; fileEncoding = 4; lastKnownFileType = sourcecode.c.objc; path = "UIView+HUD.m"; sourceTree = "<group>"; };
		A418B2341E4A1CFE0056F14B /* UIScrollView+Refresh.h */ = {isa = PBXFileReference; fileEncoding = 4; lastKnownFileType = sourcecode.c.h; path = "UIScrollView+Refresh.h"; sourceTree = "<group>"; };
		A418B2351E4A1CFE0056F14B /* UIScrollView+Refresh.m */ = {isa = PBXFileReference; fileEncoding = 4; lastKnownFileType = sourcecode.c.objc; path = "UIScrollView+Refresh.m"; sourceTree = "<group>"; };
		A418B2371E4A1EB80056F14B /* NSString+YG.h */ = {isa = PBXFileReference; fileEncoding = 4; lastKnownFileType = sourcecode.c.h; path = "NSString+YG.h"; sourceTree = "<group>"; };
		A418B2381E4A1EB80056F14B /* NSString+YG.m */ = {isa = PBXFileReference; fileEncoding = 4; lastKnownFileType = sourcecode.c.objc; path = "NSString+YG.m"; sourceTree = "<group>"; };
		A418B23A1E4A22410056F14B /* BaseNetManager.h */ = {isa = PBXFileReference; fileEncoding = 4; lastKnownFileType = sourcecode.c.h; path = BaseNetManager.h; sourceTree = "<group>"; };
		A418B23B1E4A22410056F14B /* BaseNetManager.m */ = {isa = PBXFileReference; fileEncoding = 4; lastKnownFileType = sourcecode.c.objc; path = BaseNetManager.m; sourceTree = "<group>"; };
		A418B23D1E4A23F50056F14B /* NetManager.h */ = {isa = PBXFileReference; fileEncoding = 4; lastKnownFileType = sourcecode.c.h; path = NetManager.h; sourceTree = "<group>"; };
		A418B23E1E4A23F50056F14B /* NetManager.m */ = {isa = PBXFileReference; fileEncoding = 4; lastKnownFileType = sourcecode.c.objc; path = NetManager.m; sourceTree = "<group>"; };
		A418B2401E4A27E30056F14B /* YGTabBarController.h */ = {isa = PBXFileReference; fileEncoding = 4; lastKnownFileType = sourcecode.c.h; path = YGTabBarController.h; sourceTree = "<group>"; };
		A418B2411E4A27E30056F14B /* YGTabBarController.m */ = {isa = PBXFileReference; fileEncoding = 4; lastKnownFileType = sourcecode.c.objc; path = YGTabBarController.m; sourceTree = "<group>"; };
		A418B24C1E4A289A0056F14B /* YGEssenceController.h */ = {isa = PBXFileReference; fileEncoding = 4; lastKnownFileType = sourcecode.c.h; path = YGEssenceController.h; sourceTree = "<group>"; };
		A418B24D1E4A289A0056F14B /* YGEssenceController.m */ = {isa = PBXFileReference; fileEncoding = 4; lastKnownFileType = sourcecode.c.objc; path = YGEssenceController.m; sourceTree = "<group>"; };
		A418B24F1E4A28AE0056F14B /* YGHomeController.h */ = {isa = PBXFileReference; fileEncoding = 4; lastKnownFileType = sourcecode.c.h; path = YGHomeController.h; sourceTree = "<group>"; };
		A418B2501E4A28AE0056F14B /* YGHomeController.m */ = {isa = PBXFileReference; fileEncoding = 4; lastKnownFileType = sourcecode.c.objc; path = YGHomeController.m; sourceTree = "<group>"; };
		A418B2521E4A28C30056F14B /* YGListController.h */ = {isa = PBXFileReference; fileEncoding = 4; lastKnownFileType = sourcecode.c.h; path = YGListController.h; sourceTree = "<group>"; };
		A418B2531E4A28C30056F14B /* YGListController.m */ = {isa = PBXFileReference; fileEncoding = 4; lastKnownFileType = sourcecode.c.objc; path = YGListController.m; sourceTree = "<group>"; };
		A41B089D1E4E11D200B0A2EE /* YGEssenceItem.h */ = {isa = PBXFileReference; fileEncoding = 4; lastKnownFileType = sourcecode.c.h; path = YGEssenceItem.h; sourceTree = "<group>"; };
		A41B089E1E4E11D200B0A2EE /* YGEssenceItem.m */ = {isa = PBXFileReference; fileEncoding = 4; lastKnownFileType = sourcecode.c.objc; path = YGEssenceItem.m; sourceTree = "<group>"; };
		A41B08A01E4E1AAC00B0A2EE /* YGEssenceCommomCell.h */ = {isa = PBXFileReference; fileEncoding = 4; lastKnownFileType = sourcecode.c.h; path = YGEssenceCommomCell.h; sourceTree = "<group>"; };
		A41B08A11E4E1AAC00B0A2EE /* YGEssenceCommomCell.m */ = {isa = PBXFileReference; fileEncoding = 4; lastKnownFileType = sourcecode.c.objc; path = YGEssenceCommomCell.m; sourceTree = "<group>"; };
		A41B08A31E4E1F7F00B0A2EE /* YGEssenceImageCell.h */ = {isa = PBXFileReference; fileEncoding = 4; lastKnownFileType = sourcecode.c.h; path = YGEssenceImageCell.h; sourceTree = "<group>"; };
		A41B08A41E4E1F7F00B0A2EE /* YGEssenceImageCell.m */ = {isa = PBXFileReference; fileEncoding = 4; lastKnownFileType = sourcecode.c.objc; path = YGEssenceImageCell.m; sourceTree = "<group>"; };
		A41B08A61E4E20C500B0A2EE /* YGEssenceBigCell.h */ = {isa = PBXFileReference; fileEncoding = 4; lastKnownFileType = sourcecode.c.h; path = YGEssenceBigCell.h; sourceTree = "<group>"; };
		A41B08A71E4E20C500B0A2EE /* YGEssenceBigCell.m */ = {isa = PBXFileReference; fileEncoding = 4; lastKnownFileType = sourcecode.c.objc; path = YGEssenceBigCell.m; sourceTree = "<group>"; };
		A46E4FA21E49E72E000756D9 /* WangYe.app */ = {isa = PBXFileReference; explicitFileType = wrapper.application; includeInIndex = 0; path = WangYe.app; sourceTree = BUILT_PRODUCTS_DIR; };
		A46E4FA61E49E72E000756D9 /* main.m */ = {isa = PBXFileReference; lastKnownFileType = sourcecode.c.objc; path = main.m; sourceTree = "<group>"; };
		A46E4FA81E49E72E000756D9 /* AppDelegate.h */ = {isa = PBXFileReference; lastKnownFileType = sourcecode.c.h; path = AppDelegate.h; sourceTree = "<group>"; };
		A46E4FA91E49E72E000756D9 /* AppDelegate.m */ = {isa = PBXFileReference; lastKnownFileType = sourcecode.c.objc; path = AppDelegate.m; sourceTree = "<group>"; };
		A46E4FAF1E49E72E000756D9 /* Base */ = {isa = PBXFileReference; lastKnownFileType = file.storyboard; name = Base; path = Base.lproj/Main.storyboard; sourceTree = "<group>"; };
		A46E4FB11E49E72E000756D9 /* Assets.xcassets */ = {isa = PBXFileReference; lastKnownFileType = folder.assetcatalog; name = Assets.xcassets; path = ../Assets.xcassets; sourceTree = "<group>"; };
		A46E4FB41E49E72E000756D9 /* Base */ = {isa = PBXFileReference; lastKnownFileType = file.storyboard; name = Base; path = Base.lproj/LaunchScreen.storyboard; sourceTree = "<group>"; };
		A46E4FB61E49E72E000756D9 /* Info.plist */ = {isa = PBXFileReference; lastKnownFileType = text.plist.xml; path = Info.plist; sourceTree = "<group>"; };
		A46E4FCF1E49EA9E000756D9 /* PrefixHeader.pch */ = {isa = PBXFileReference; lastKnownFileType = sourcecode.c.h; path = PrefixHeader.pch; sourceTree = "<group>"; };
		A46E4FD01E49EB0E000756D9 /* Const.h */ = {isa = PBXFileReference; lastKnownFileType = sourcecode.c.h; path = Const.h; sourceTree = "<group>"; };
		BA7F1492DCC0FBCA1BAD8BC8 /* Pods-WangYe.release.xcconfig */ = {isa = PBXFileReference; includeInIndex = 1; lastKnownFileType = text.xcconfig; name = "Pods-WangYe.release.xcconfig"; path = "Pods/Target Support Files/Pods-WangYe/Pods-WangYe.release.xcconfig"; sourceTree = "<group>"; };
		F7EAA3C71D86B0212CC62309 /* Pods-WangYe.debug.xcconfig */ = {isa = PBXFileReference; includeInIndex = 1; lastKnownFileType = text.xcconfig; name = "Pods-WangYe.debug.xcconfig"; path = "Pods/Target Support Files/Pods-WangYe/Pods-WangYe.debug.xcconfig"; sourceTree = "<group>"; };
/* End PBXFileReference section */

/* Begin PBXFrameworksBuildPhase section */
		A46E4F9F1E49E72E000756D9 /* Frameworks */ = {
			isa = PBXFrameworksBuildPhase;
			buildActionMask = 2147483647;
			files = (
				EB9D20D09D14BD36668062D1 /* libPods-WangYe.a in Frameworks */,
			);
			runOnlyForDeploymentPostprocessing = 0;
		};
/* End PBXFrameworksBuildPhase section */

/* Begin PBXGroup section */
		5BCB9AC4E68E11136A732A2D /* Pods */ = {
			isa = PBXGroup;
			children = (
				F7EAA3C71D86B0212CC62309 /* Pods-WangYe.debug.xcconfig */,
				BA7F1492DCC0FBCA1BAD8BC8 /* Pods-WangYe.release.xcconfig */,
			);
			name = Pods;
			sourceTree = "<group>";
		};
		9891628CED7438B56C16D29C /* Frameworks */ = {
			isa = PBXGroup;
			children = (
				835192F6E01FEDDEA8DF76F8 /* libPods-WangYe.a */,
			);
			name = Frameworks;
			sourceTree = "<group>";
		};
		A4109E1F1E520B170075208C /* DetailList(列表详情) */ = {
			isa = PBXGroup;
			children = (
				A4109E201E520B170075208C /* Controller */,
				A4109E211E520B170075208C /* Model */,
				A4109E221E520B170075208C /* View */,
			);
			name = "DetailList(列表详情)";
			path = DetailList;
			sourceTree = "<group>";
		};
		A4109E201E520B170075208C /* Controller */ = {
			isa = PBXGroup;
			children = (
				A4109E321E5222850075208C /* detailMovie(列表详情播放) */,
				A4109E231E520B460075208C /* YGListDetailController.h */,
				A4109E241E520B460075208C /* YGListDetailController.m */,
			);
			path = Controller;
			sourceTree = "<group>";
		};
		A4109E211E520B170075208C /* Model */ = {
			isa = PBXGroup;
			children = (
				A4109E1C1E520A9A0075208C /* YGDetailListItem.h */,
				A4109E1D1E520A9A0075208C /* YGDetailListItem.m */,
			);
			path = Model;
			sourceTree = "<group>";
		};
		A4109E221E520B170075208C /* View */ = {
			isa = PBXGroup;
			children = (
				A4109E291E520B8C0075208C /* YGListDetailCell.h */,
				A4109E2A1E520B8C0075208C /* YGListDetailCell.m */,
			);
			path = View;
			sourceTree = "<group>";
		};
		A4109E321E5222850075208C /* detailMovie(列表详情播放) */ = {
			isa = PBXGroup;
			children = (
				A4109E331E5222850075208C /* Controller */,
				A4109E341E5222850075208C /* Model */,
				A4109E351E5222850075208C /* View */,
			);
			name = "detailMovie(列表详情播放)";
			path = detailMovie;
			sourceTree = "<group>";
		};
		A4109E331E5222850075208C /* Controller */ = {
			isa = PBXGroup;
			children = (
				A40FD82E1E53232F001BA42C /* YGListDetailMovieController.h */,
				A40FD82F1E53232F001BA42C /* YGListDetailMovieController.m */,
			);
			path = Controller;
			sourceTree = "<group>";
		};
		A4109E341E5222850075208C /* Model */ = {
			isa = PBXGroup;
			children = (
			);
			path = Model;
			sourceTree = "<group>";
		};
		A4109E351E5222850075208C /* View */ = {
			isa = PBXGroup;
			children = (
			);
			path = View;
			sourceTree = "<group>";
		};
		A46E4F991E49E72E000756D9 = {
			isa = PBXGroup;
			children = (
				A46E4FA41E49E72E000756D9 /* WangYe */,
				A46E4FA31E49E72E000756D9 /* Products */,
				5BCB9AC4E68E11136A732A2D /* Pods */,
				9891628CED7438B56C16D29C /* Frameworks */,
			);
			sourceTree = "<group>";
		};
		A46E4FA31E49E72E000756D9 /* Products */ = {
			isa = PBXGroup;
			children = (
				A46E4FA21E49E72E000756D9 /* WangYe.app */,
			);
			name = Products;
			sourceTree = "<group>";
		};
		A46E4FA41E49E72E000756D9 /* WangYe */ = {
			isa = PBXGroup;
			children = (
				A46E4FA81E49E72E000756D9 /* AppDelegate.h */,
				A46E4FA91E49E72E000756D9 /* AppDelegate.m */,
				A46E4FBF1E49E9D2000756D9 /* Pages(页面) */,
				A46E4FBC1E49E9D2000756D9 /* Category */,
				A46E4FBD1E49E9D2000756D9 /* Define */,
				A46E4FBE1E49E9D2000756D9 /* NetManager */,
				A46E4FC01E49E9D2000756D9 /* Resourse */,
				A46E4FC11E49E9D2000756D9 /* Vendor */,
				A46E4FA51E49E72E000756D9 /* Supporting Files */,
			);
			path = WangYe;
			sourceTree = "<group>";
		};
		A46E4FA51E49E72E000756D9 /* Supporting Files */ = {
			isa = PBXGroup;
			children = (
				A46E4FB61E49E72E000756D9 /* Info.plist */,
				A46E4FA61E49E72E000756D9 /* main.m */,
				A46E4FCF1E49EA9E000756D9 /* PrefixHeader.pch */,
			);
			name = "Supporting Files";
			sourceTree = "<group>";
		};
		A46E4FBC1E49E9D2000756D9 /* Category */ = {
			isa = PBXGroup;
			children = (
				A418B22E1E4A1A6B0056F14B /* NSObject+Parse.h */,
				A418B22F1E4A1A6B0056F14B /* NSObject+Parse.m */,
				A418B2311E4A1B330056F14B /* UIView+HUD.h */,
				A418B2321E4A1B330056F14B /* UIView+HUD.m */,
				A418B2341E4A1CFE0056F14B /* UIScrollView+Refresh.h */,
				A418B2351E4A1CFE0056F14B /* UIScrollView+Refresh.m */,
				A418B2371E4A1EB80056F14B /* NSString+YG.h */,
				A418B2381E4A1EB80056F14B /* NSString+YG.m */,
			);
			path = Category;
			sourceTree = "<group>";
		};
		A46E4FBD1E49E9D2000756D9 /* Define */ = {
			isa = PBXGroup;
			children = (
				A46E4FD01E49EB0E000756D9 /* Const.h */,
			);
			path = Define;
			sourceTree = "<group>";
		};
		A46E4FBE1E49E9D2000756D9 /* NetManager */ = {
			isa = PBXGroup;
			children = (
				A418B23A1E4A22410056F14B /* BaseNetManager.h */,
				A418B23B1E4A22410056F14B /* BaseNetManager.m */,
				A418B23D1E4A23F50056F14B /* NetManager.h */,
				A418B23E1E4A23F50056F14B /* NetManager.m */,
			);
			path = NetManager;
			sourceTree = "<group>";
		};
		A46E4FBF1E49E9D2000756D9 /* Pages(页面) */ = {
			isa = PBXGroup;
			children = (
				A46E4FC21E49E9F7000756D9 /* Other */,
				A46E4FC31E49EA7C000756D9 /*  Essence(精华) */,
				A46E4FC71E49EA7C000756D9 /* Home(主页) */,
				A46E4FCB1E49EA7C000756D9 /* List(专栏) */,
			);
			path = "Pages(页面)";
			sourceTree = "<group>";
		};
		A46E4FC01E49E9D2000756D9 /* Resourse */ = {
			isa = PBXGroup;
			children = (
				A46E4FAE1E49E72E000756D9 /* Main.storyboard */,
				A46E4FB11E49E72E000756D9 /* Assets.xcassets */,
				A46E4FB31E49E72E000756D9 /* LaunchScreen.storyboard */,
			);
			path = Resourse;
			sourceTree = "<group>";
		};
		A46E4FC11E49E9D2000756D9 /* Vendor */ = {
			isa = PBXGroup;
			children = (
			);
			path = Vendor;
			sourceTree = "<group>";
		};
		A46E4FC21E49E9F7000756D9 /* Other */ = {
			isa = PBXGroup;
			children = (
				A418B2401E4A27E30056F14B /* YGTabBarController.h */,
				A418B2411E4A27E30056F14B /* YGTabBarController.m */,
			);
			name = Other;
			path = ../Other;
			sourceTree = "<group>";
		};
		A46E4FC31E49EA7C000756D9 /*  Essence(精华) */ = {
			isa = PBXGroup;
			children = (
				A46E4FC41E49EA7C000756D9 /* Controller */,
				A46E4FC51E49EA7C000756D9 /* Model */,
				A46E4FC61E49EA7C000756D9 /* View */,
			);
			path = " Essence(精华)";
			sourceTree = "<group>";
		};
		A46E4FC41E49EA7C000756D9 /* Controller */ = {
			isa = PBXGroup;
			children = (
				A418B24C1E4A289A0056F14B /* YGEssenceController.h */,
				A418B24D1E4A289A0056F14B /* YGEssenceController.m */,
				A40E178D1E4EA77800CC4BD6 /* YGEssenceWebController.h */,
				A40E178E1E4EA77800CC4BD6 /* YGEssenceWebController.m */,
			);
			path = Controller;
			sourceTree = "<group>";
		};
		A46E4FC51E49EA7C000756D9 /* Model */ = {
			isa = PBXGroup;
			children = (
				A41B089D1E4E11D200B0A2EE /* YGEssenceItem.h */,
				A41B089E1E4E11D200B0A2EE /* YGEssenceItem.m */,
			);
			path = Model;
			sourceTree = "<group>";
		};
		A46E4FC61E49EA7C000756D9 /* View */ = {
			isa = PBXGroup;
			children = (
				A41B08A01E4E1AAC00B0A2EE /* YGEssenceCommomCell.h */,
				A41B08A11E4E1AAC00B0A2EE /* YGEssenceCommomCell.m */,
				A41B08A31E4E1F7F00B0A2EE /* YGEssenceImageCell.h */,
				A41B08A41E4E1F7F00B0A2EE /* YGEssenceImageCell.m */,
				A41B08A61E4E20C500B0A2EE /* YGEssenceBigCell.h */,
				A41B08A71E4E20C500B0A2EE /* YGEssenceBigCell.m */,
			);
			path = View;
			sourceTree = "<group>";
		};
		A46E4FC71E49EA7C000756D9 /* Home(主页) */ = {
			isa = PBXGroup;
			children = (
				A46E4FC81E49EA7C000756D9 /* Controller */,
				A46E4FC91E49EA7C000756D9 /* Model */,
				A46E4FCA1E49EA7C000756D9 /* View */,
			);
			path = "Home(主页)";
			sourceTree = "<group>";
		};
		A46E4FC81E49EA7C000756D9 /* Controller */ = {
			isa = PBXGroup;
			children = (
				A418B24F1E4A28AE0056F14B /* YGHomeController.h */,
				A418B2501E4A28AE0056F14B /* YGHomeController.m */,
			);
			path = Controller;
			sourceTree = "<group>";
		};
		A46E4FC91E49EA7C000756D9 /* Model */ = {
			isa = PBXGroup;
			children = (
			);
			path = Model;
			sourceTree = "<group>";
		};
		A46E4FCA1E49EA7C000756D9 /* View */ = {
			isa = PBXGroup;
			children = (
			);
			path = View;
			sourceTree = "<group>";
		};
		A46E4FCB1E49EA7C000756D9 /* List(专栏) */ = {
			isa = PBXGroup;
			children = (
				A46E4FCC1E49EA7C000756D9 /* Controller */,
				A46E4FCD1E49EA7C000756D9 /* Model */,
				A46E4FCE1E49EA7C000756D9 /* View */,
			);
			path = "List(专栏)";
			sourceTree = "<group>";
		};
		A46E4FCC1E49EA7C000756D9 /* Controller */ = {
			isa = PBXGroup;
			children = (
				A4109E1F1E520B170075208C /* DetailList(列表详情) */,
				A418B2521E4A28C30056F14B /* YGListController.h */,
				A418B2531E4A28C30056F14B /* YGListController.m */,
			);
			path = Controller;
			sourceTree = "<group>";
		};
		A46E4FCD1E49EA7C000756D9 /* Model */ = {
			isa = PBXGroup;
			children = (
				A4109E261E520B660075208C /* YGListFlowLayout.h */,
				A4109E271E520B660075208C /* YGListFlowLayout.m */,
				A4109E191E520A780075208C /* YGListItem.h */,
				A4109E1A1E520A780075208C /* YGListItem.m */,
			);
			path = Model;
			sourceTree = "<group>";
		};
		A46E4FCE1E49EA7C000756D9 /* View */ = {
			isa = PBXGroup;
			children = (
				A4109E2F1E520C5F0075208C /* YGListCell.h */,
				A4109E301E520C5F0075208C /* YGListCell.m */,
			);
			path = View;
			sourceTree = "<group>";
		};
/* End PBXGroup section */

/* Begin PBXNativeTarget section */
		A46E4FA11E49E72E000756D9 /* WangYe */ = {
			isa = PBXNativeTarget;
			buildConfigurationList = A46E4FB91E49E72E000756D9 /* Build configuration list for PBXNativeTarget "WangYe" */;
			buildPhases = (
				7663BF42C98DFCD86AFA491E /* [CP] Check Pods Manifest.lock */,
				A46E4F9E1E49E72E000756D9 /* Sources */,
				A46E4F9F1E49E72E000756D9 /* Frameworks */,
				A46E4FA01E49E72E000756D9 /* Resources */,
				600BC21FBC5B44620F89279A /* [CP] Embed Pods Frameworks */,
				49FDDB0BA9D37F8D1C50E14F /* [CP] Copy Pods Resources */,
			);
			buildRules = (
			);
			dependencies = (
			);
			name = WangYe;
			productName = WangYe;
			productReference = A46E4FA21E49E72E000756D9 /* WangYe.app */;
			productType = "com.apple.product-type.application";
		};
/* End PBXNativeTarget section */

/* Begin PBXProject section */
		A46E4F9A1E49E72E000756D9 /* Project object */ = {
			isa = PBXProject;
			attributes = {
				CLASSPREFIX = YG;
				LastUpgradeCheck = 0820;
				ORGANIZATIONNAME = YG;
				TargetAttributes = {
					A46E4FA11E49E72E000756D9 = {
						CreatedOnToolsVersion = 8.2.1;
						DevelopmentTeam = AY38N8FYFG;
						ProvisioningStyle = Automatic;
					};
				};
			};
			buildConfigurationList = A46E4F9D1E49E72E000756D9 /* Build configuration list for PBXProject "WangYe" */;
			compatibilityVersion = "Xcode 3.2";
			developmentRegion = English;
			hasScannedForEncodings = 0;
			knownRegions = (
				en,
				Base,
			);
			mainGroup = A46E4F991E49E72E000756D9;
			productRefGroup = A46E4FA31E49E72E000756D9 /* Products */;
			projectDirPath = "";
			projectRoot = "";
			targets = (
				A46E4FA11E49E72E000756D9 /* WangYe */,
			);
		};
/* End PBXProject section */

/* Begin PBXResourcesBuildPhase section */
		A46E4FA01E49E72E000756D9 /* Resources */ = {
			isa = PBXResourcesBuildPhase;
			buildActionMask = 2147483647;
			files = (
				A46E4FB51E49E72E000756D9 /* LaunchScreen.storyboard in Resources */,
				A46E4FB21E49E72E000756D9 /* Assets.xcassets in Resources */,
				A46E4FB01E49E72E000756D9 /* Main.storyboard in Resources */,
			);
			runOnlyForDeploymentPostprocessing = 0;
		};
/* End PBXResourcesBuildPhase section */

/* Begin PBXShellScriptBuildPhase section */
		49FDDB0BA9D37F8D1C50E14F /* [CP] Copy Pods Resources */ = {
			isa = PBXShellScriptBuildPhase;
			buildActionMask = 2147483647;
			files = (
			);
			inputPaths = (
			);
			name = "[CP] Copy Pods Resources";
			outputPaths = (
			);
			runOnlyForDeploymentPostprocessing = 0;
			shellPath = /bin/sh;
			shellScript = "\"${SRCROOT}/Pods/Target Support Files/Pods-WangYe/Pods-WangYe-resources.sh\"\n";
			showEnvVarsInLog = 0;
		};
		600BC21FBC5B44620F89279A /* [CP] Embed Pods Frameworks */ = {
			isa = PBXShellScriptBuildPhase;
			buildActionMask = 2147483647;
			files = (
			);
			inputPaths = (
			);
			name = "[CP] Embed Pods Frameworks";
			outputPaths = (
			);
			runOnlyForDeploymentPostprocessing = 0;
			shellPath = /bin/sh;
			shellScript = "\"${SRCROOT}/Pods/Target Support Files/Pods-WangYe/Pods-WangYe-frameworks.sh\"\n";
			showEnvVarsInLog = 0;
		};
		7663BF42C98DFCD86AFA491E /* [CP] Check Pods Manifest.lock */ = {
			isa = PBXShellScriptBuildPhase;
			buildActionMask = 2147483647;
			files = (
			);
			inputPaths = (
			);
			name = "[CP] Check Pods Manifest.lock";
			outputPaths = (
			);
			runOnlyForDeploymentPostprocessing = 0;
			shellPath = /bin/sh;
			shellScript = "diff \"${PODS_ROOT}/../Podfile.lock\" \"${PODS_ROOT}/Manifest.lock\" > /dev/null\nif [ $? != 0 ] ; then\n    # print error to STDERR\n    echo \"error: The sandbox is not in sync with the Podfile.lock. Run 'pod install' or update your CocoaPods installation.\" >&2\n    exit 1\nfi\n";
			showEnvVarsInLog = 0;
		};
/* End PBXShellScriptBuildPhase section */

/* Begin PBXSourcesBuildPhase section */
		A46E4F9E1E49E72E000756D9 /* Sources */ = {
			isa = PBXSourcesBuildPhase;
			buildActionMask = 2147483647;
			files = (
				A418B2331E4A1B330056F14B /* UIView+HUD.m in Sources */,
				A418B23F1E4A23F50056F14B /* NetManager.m in Sources */,
				A4109E251E520B460075208C /* YGListDetailController.m in Sources */,
				A418B2511E4A28AE0056F14B /* YGHomeController.m in Sources */,
				A418B2391E4A1EB80056F14B /* NSString+YG.m in Sources */,
				A4109E311E520C5F0075208C /* YGListCell.m in Sources */,
				A41B08A21E4E1AAC00B0A2EE /* YGEssenceCommomCell.m in Sources */,
				A41B08A81E4E20C500B0A2EE /* YGEssenceBigCell.m in Sources */,
				A418B2301E4A1A6B0056F14B /* NSObject+Parse.m in Sources */,
				A418B2421E4A27E30056F14B /* YGTabBarController.m in Sources */,
				A40E178F1E4EA77800CC4BD6 /* YGEssenceWebController.m in Sources */,
				A40FD8301E53232F001BA42C /* YGListDetailMovieController.m in Sources */,
				A41B089F1E4E11D200B0A2EE /* YGEssenceItem.m in Sources */,
				A46E4FAA1E49E72E000756D9 /* AppDelegate.m in Sources */,
				A4109E281E520B660075208C /* YGListFlowLayout.m in Sources */,
				A46E4FA71E49E72E000756D9 /* main.m in Sources */,
				A4109E1B1E520A780075208C /* YGListItem.m in Sources */,
				A418B23C1E4A22410056F14B /* BaseNetManager.m in Sources */,
				A418B2541E4A28C30056F14B /* YGListController.m in Sources */,
				A41B08A51E4E1F7F00B0A2EE /* YGEssenceImageCell.m in Sources */,
				A418B24E1E4A289A0056F14B /* YGEssenceController.m in Sources */,
				A418B2361E4A1CFE0056F14B /* UIScrollView+Refresh.m in Sources */,
				A4109E2B1E520B8C0075208C /* YGListDetailCell.m in Sources */,
				A4109E1E1E520A9A0075208C /* YGDetailListItem.m in Sources */,
			);
			runOnlyForDeploymentPostprocessing = 0;
		};
/* End PBXSourcesBuildPhase section */

/* Begin PBXVariantGroup section */
		A46E4FAE1E49E72E000756D9 /* Main.storyboard */ = {
			isa = PBXVariantGroup;
			children = (
				A46E4FAF1E49E72E000756D9 /* Base */,
			);
			name = Main.storyboard;
			path = ..;
			sourceTree = "<group>";
		};
		A46E4FB31E49E72E000756D9 /* LaunchScreen.storyboard */ = {
			isa = PBXVariantGroup;
			children = (
				A46E4FB41E49E72E000756D9 /* Base */,
			);
			name = LaunchScreen.storyboard;
			path = ..;
			sourceTree = "<group>";
		};
/* End PBXVariantGroup section */

/* Begin XCBuildConfiguration section */
		A46E4FB71E49E72E000756D9 /* Debug */ = {
			isa = XCBuildConfiguration;
			buildSettings = {
				ALWAYS_SEARCH_USER_PATHS = NO;
				CLANG_ANALYZER_NONNULL = YES;
				CLANG_CXX_LANGUAGE_STANDARD = "gnu++0x";
				CLANG_CXX_LIBRARY = "libc++";
				CLANG_ENABLE_MODULES = YES;
				CLANG_ENABLE_OBJC_ARC = YES;
				CLANG_WARN_BOOL_CONVERSION = YES;
				CLANG_WARN_CONSTANT_CONVERSION = YES;
				CLANG_WARN_DIRECT_OBJC_ISA_USAGE = YES_ERROR;
				CLANG_WARN_DOCUMENTATION_COMMENTS = YES;
				CLANG_WARN_EMPTY_BODY = YES;
				CLANG_WARN_ENUM_CONVERSION = YES;
				CLANG_WARN_INFINITE_RECURSION = YES;
				CLANG_WARN_INT_CONVERSION = YES;
				CLANG_WARN_OBJC_ROOT_CLASS = YES_ERROR;
				CLANG_WARN_SUSPICIOUS_MOVE = YES;
				CLANG_WARN_UNREACHABLE_CODE = YES;
				CLANG_WARN__DUPLICATE_METHOD_MATCH = YES;
				"CODE_SIGN_IDENTITY[sdk=iphoneos*]" = "iPhone Developer";
				COPY_PHASE_STRIP = NO;
				DEBUG_INFORMATION_FORMAT = dwarf;
				ENABLE_STRICT_OBJC_MSGSEND = YES;
				ENABLE_TESTABILITY = YES;
				GCC_C_LANGUAGE_STANDARD = gnu99;
				GCC_DYNAMIC_NO_PIC = NO;
				GCC_NO_COMMON_BLOCKS = YES;
				GCC_OPTIMIZATION_LEVEL = 0;
				GCC_PREPROCESSOR_DEFINITIONS = (
					"DEBUG=1",
					"$(inherited)",
				);
				GCC_WARN_64_TO_32_BIT_CONVERSION = YES;
				GCC_WARN_ABOUT_RETURN_TYPE = YES_ERROR;
				GCC_WARN_UNDECLARED_SELECTOR = YES;
				GCC_WARN_UNINITIALIZED_AUTOS = YES_AGGRESSIVE;
				GCC_WARN_UNUSED_FUNCTION = YES;
				GCC_WARN_UNUSED_VARIABLE = YES;
				IPHONEOS_DEPLOYMENT_TARGET = 10.2;
				MTL_ENABLE_DEBUG_INFO = YES;
				ONLY_ACTIVE_ARCH = YES;
				SDKROOT = iphoneos;
			};
			name = Debug;
		};
		A46E4FB81E49E72E000756D9 /* Release */ = {
			isa = XCBuildConfiguration;
			buildSettings = {
				ALWAYS_SEARCH_USER_PATHS = NO;
				CLANG_ANALYZER_NONNULL = YES;
				CLANG_CXX_LANGUAGE_STANDARD = "gnu++0x";
				CLANG_CXX_LIBRARY = "libc++";
				CLANG_ENABLE_MODULES = YES;
				CLANG_ENABLE_OBJC_ARC = YES;
				CLANG_WARN_BOOL_CONVERSION = YES;
				CLANG_WARN_CONSTANT_CONVERSION = YES;
				CLANG_WARN_DIRECT_OBJC_ISA_USAGE = YES_ERROR;
				CLANG_WARN_DOCUMENTATION_COMMENTS = YES;
				CLANG_WARN_EMPTY_BODY = YES;
				CLANG_WARN_ENUM_CONVERSION = YES;
				CLANG_WARN_INFINITE_RECURSION = YES;
				CLANG_WARN_INT_CONVERSION = YES;
				CLANG_WARN_OBJC_ROOT_CLASS = YES_ERROR;
				CLANG_WARN_SUSPICIOUS_MOVE = YES;
				CLANG_WARN_UNREACHABLE_CODE = YES;
				CLANG_WARN__DUPLICATE_METHOD_MATCH = YES;
				"CODE_SIGN_IDENTITY[sdk=iphoneos*]" = "iPhone Developer";
				COPY_PHASE_STRIP = NO;
				DEBUG_INFORMATION_FORMAT = "dwarf-with-dsym";
				ENABLE_NS_ASSERTIONS = NO;
				ENABLE_STRICT_OBJC_MSGSEND = YES;
				GCC_C_LANGUAGE_STANDARD = gnu99;
				GCC_NO_COMMON_BLOCKS = YES;
				GCC_WARN_64_TO_32_BIT_CONVERSION = YES;
				GCC_WARN_ABOUT_RETURN_TYPE = YES_ERROR;
				GCC_WARN_UNDECLARED_SELECTOR = YES;
				GCC_WARN_UNINITIALIZED_AUTOS = YES_AGGRESSIVE;
				GCC_WARN_UNUSED_FUNCTION = YES;
				GCC_WARN_UNUSED_VARIABLE = YES;
				IPHONEOS_DEPLOYMENT_TARGET = 10.2;
				MTL_ENABLE_DEBUG_INFO = NO;
				SDKROOT = iphoneos;
				VALIDATE_PRODUCT = YES;
			};
			name = Release;
		};
		A46E4FBA1E49E72E000756D9 /* Debug */ = {
			isa = XCBuildConfiguration;
			baseConfigurationReference = F7EAA3C71D86B0212CC62309 /* Pods-WangYe.debug.xcconfig */;
			buildSettings = {
				ASSETCATALOG_COMPILER_APPICON_NAME = AppIcon;
				DEVELOPMENT_TEAM = AY38N8FYFG;
				GCC_PREFIX_HEADER = $PRODUCT_NAME/PrefixHeader.pch;
				INFOPLIST_FILE = WangYe/Info.plist;
				IPHONEOS_DEPLOYMENT_TARGET = 8.0;
				LD_RUNPATH_SEARCH_PATHS = "$(inherited) @executable_path/Frameworks";
				PRODUCT_BUNDLE_IDENTIFIER = cn.YG.WangYe;
				PRODUCT_NAME = "$(TARGET_NAME)";
			};
			name = Debug;
		};
		A46E4FBB1E49E72E000756D9 /* Release */ = {
			isa = XCBuildConfiguration;
			baseConfigurationReference = BA7F1492DCC0FBCA1BAD8BC8 /* Pods-WangYe.release.xcconfig */;
			buildSettings = {
				ASSETCATALOG_COMPILER_APPICON_NAME = AppIcon;
				DEVELOPMENT_TEAM = AY38N8FYFG;
				GCC_PREFIX_HEADER = $PRODUCT_NAME/PrefixHeader.pch;
				INFOPLIST_FILE = WangYe/Info.plist;
				IPHONEOS_DEPLOYMENT_TARGET = 8.0;
				LD_RUNPATH_SEARCH_PATHS = "$(inherited) @executable_path/Frameworks";
				PRODUCT_BUNDLE_IDENTIFIER = cn.YG.WangYe;
				PRODUCT_NAME = "$(TARGET_NAME)";
			};
			name = Release;
		};
/* End XCBuildConfiguration section */

/* Begin XCConfigurationList section */
		A46E4F9D1E49E72E000756D9 /* Build configuration list for PBXProject "WangYe" */ = {
			isa = XCConfigurationList;
			buildConfigurations = (
				A46E4FB71E49E72E000756D9 /* Debug */,
				A46E4FB81E49E72E000756D9 /* Release */,
			);
			defaultConfigurationIsVisible = 0;
			defaultConfigurationName = Release;
		};
		A46E4FB91E49E72E000756D9 /* Build configuration list for PBXNativeTarget "WangYe" */ = {
			isa = XCConfigurationList;
			buildConfigurations = (
				A46E4FBA1E49E72E000756D9 /* Debug */,
				A46E4FBB1E49E72E000756D9 /* Release */,
			);
			defaultConfigurationIsVisible = 0;
			defaultConfigurationName = Release;
		};
/* End XCConfigurationList section */
	};
	rootObject = A46E4F9A1E49E72E000756D9 /* Project object */;
}
